
Microsoft Visual Studio Solution File, Format Version 12.00
# Visual Studio Version 16
VisualStudioVersion = 16.0.29009.5
MinimumVisualStudioVersion = 10.0.40219.1
Project("{8BC9CEB8-8B4A-11D0-8D11-00A0C91BC942}") = "Algorithms(构造函数memset(this))", "Algorithms\Algorithms.vcxproj", "{EC7592B6-F183-4A84-A7E4-EB798FA70B83}"
EndProject
Project("{2150E333-8FDC-42A3-9474-1A3956D46DE8}") = "LeetCodeNotes", "LeetCodeNotes", "{C1C40115-A345-48DF-A6E1-7E4AA2A6AB6C}"
EndProject
Project("{8BC9CEB8-8B4A-11D0-8D11-00A0C91BC942}") = "LeetCode0002(两数相加)", "LeetCode0002\LeetCode0002.vcxproj", "{7AA11BFA-9B91-4BE9-9A0F-C69765D1FE24}"
EndProject
Project("{8BC9CEB8-8B4A-11D0-8D11-00A0C91BC942}") = "LeetCode0003(无重复字符的最长子串)", "LeetCode0003\LeetCode0003.vcxproj", "{B74D76A6-3D4A-413A-BA03-6460907142D7}"
EndProject
Project("{8BC9CEB8-8B4A-11D0-8D11-00A0C91BC942}") = "LeetCode0004(寻找两个有序数组的中位数)", "LeetCode0004\LeetCode0004.vcxproj", "{E1DE9EDF-C930-41B5-A044-3CF1485ED4F8}"
EndProject
Project("{8BC9CEB8-8B4A-11D0-8D11-00A0C91BC942}") = "LeetCode0005(最长回文子串)", "LeetCode0005\LeetCode0005.vcxproj", "{DBC2135A-88A1-4C5B-83C1-816607B99932}"
EndProject
Project("{2150E333-8FDC-42A3-9474-1A3956D46DE8}") = "Sorts", "Sorts", "{A8B321C6-4D33-4E5A-910D-224D8C2736CD}"
EndProject
Project("{8BC9CEB8-8B4A-11D0-8D11-00A0C91BC942}") = "InsertSort(直接插入排序+希尔排序)", "InsertSort\InsertSort.vcxproj", "{919F496D-24D1-449A-A515-37DBFCD99E57}"
EndProject
Project("{8BC9CEB8-8B4A-11D0-8D11-00A0C91BC942}") = "SwapSort(冒泡排序+快速排序)", "SwapSort\SwapSort.vcxproj", "{60795B68-7F98-428B-AB66-8DF38A38D5E5}"
EndProject
Project("{2150E333-8FDC-42A3-9474-1A3956D46DE8}") = "TestApplication", "TestApplication", "{79148041-F91C-4305-937A-FD7349DDB0D0}"
EndProject
Project("{8BC9CEB8-8B4A-11D0-8D11-00A0C91BC942}") = "TestApp001(分离大写字母和小写字母)", "TestApp001\TestApp001.vcxproj", "{D54E14EF-68C9-482D-92BD-F762EA8AABE8}"
EndProject
Project("{8BC9CEB8-8B4A-11D0-8D11-00A0C91BC942}") = "TestApp002(零在左非零数据有序)", "TestApp002\TestApp002.vcxproj", "{4D15556B-4D43-4873-B203-7EF299F47A13}"
EndProject
Project("{8BC9CEB8-8B4A-11D0-8D11-00A0C91BC942}") = "TestApp003(荷兰国旗问题)", "TestApp003\TestApp003.vcxproj", "{56F982CE-A2C2-4AD9-9A41-5A6CA0A6129C}"
EndProject
Project("{8BC9CEB8-8B4A-11D0-8D11-00A0C91BC942}") = "TestApp004(最小的k个数)", "TestApp004\TestApp004.vcxproj", "{A11EA35E-B887-484F-A6C1-778D9EFB6FAC}"
EndProject
Project("{2150E333-8FDC-42A3-9474-1A3956D46DE8}") = "WangDao", "WangDao", "{4928438A-CF32-4B14-ABBA-218A549F9CEA}"
EndProject
Project("{8BC9CEB8-8B4A-11D0-8D11-00A0C91BC942}") = "WangDao001(字符串中单词的逆转)", "WangDao001\WangDao001.vcxproj", "{37C904FF-45C4-48E5-B487-33A2FC3D3AC1}"
EndProject
Project("{8BC9CEB8-8B4A-11D0-8D11-00A0C91BC942}") = "TowardsOffer005(两个栈实现一个队列)", "TowardsOffer005\TowardsOffer005.vcxproj", "{1F696B4D-9D36-41A9-8F31-EE07CD9BB552}"
EndProject
Project("{2150E333-8FDC-42A3-9474-1A3956D46DE8}") = "剑指Offer", "剑指Offer", "{4AE43309-F183-4F3D-9BCD-2A437DC83157}"
EndProject
Project("{8BC9CEB8-8B4A-11D0-8D11-00A0C91BC942}") = "MaxAreaRectangle(棋盘中找到最大面积的矩形)", "MaxAreaRectangle\MaxAreaRectangle.vcxproj", "{50602A7F-3FD0-480B-884A-737E0AA740E6}"
EndProject
Project("{2150E333-8FDC-42A3-9474-1A3956D46DE8}") = "NetEase", "NetEase", "{EFE47E45-500B-484C-83CC-1E7138C976CC}"
EndProject
Project("{8BC9CEB8-8B4A-11D0-8D11-00A0C91BC942}") = "TowardsOffer006(旋转数组的最小数字)", "TowardsOffer006\TowardsOffer006.vcxproj", "{C11816F5-2DD6-483B-B180-ED77CBEA88E9}"
EndProject
Project("{8BC9CEB8-8B4A-11D0-8D11-00A0C91BC942}") = "TowardsOffer007(斐波那契数列)", "TowardsOffer007\TowardsOffer007.vcxproj", "{70F78488-7B98-4DE6-A89A-58018436366E}"
EndProject
Project("{8BC9CEB8-8B4A-11D0-8D11-00A0C91BC942}") = "TowardsOffer008(跳台阶)", "TowardsOffer008\TowardsOffer008.vcxproj", "{3F7447E9-3A61-4866-B807-1FB4298EE57F}"
EndProject
Project("{8BC9CEB8-8B4A-11D0-8D11-00A0C91BC942}") = "TowardsOffer009(变态跳台阶)", "TowardsOffer009\TowardsOffer009.vcxproj", "{56A80A74-99C6-484A-A538-9454AD0F198E}"
EndProject
Project("{8BC9CEB8-8B4A-11D0-8D11-00A0C91BC942}") = "TowardsOffer010(矩形覆盖)", "TowardsOffer010\TowardsOffer010.vcxproj", "{BE737493-B94D-4F12-98D6-A93DB0282FFA}"
EndProject
Project("{8BC9CEB8-8B4A-11D0-8D11-00A0C91BC942}") = "TowardsOffer011(二进制中1的个数)", "TowardsOffer011\TowardsOffer011.vcxproj", "{A128925B-9280-404A-9C5F-BEC1D8E51CED}"
EndProject
Global
	GlobalSection(SolutionConfigurationPlatforms) = preSolution
		Debug|x64 = Debug|x64
		Debug|x86 = Debug|x86
		Release|x64 = Release|x64
		Release|x86 = Release|x86
	EndGlobalSection
	GlobalSection(ProjectConfigurationPlatforms) = postSolution
		{EC7592B6-F183-4A84-A7E4-EB798FA70B83}.Debug|x64.ActiveCfg = Debug|x64
		{EC7592B6-F183-4A84-A7E4-EB798FA70B83}.Debug|x64.Build.0 = Debug|x64
		{EC7592B6-F183-4A84-A7E4-EB798FA70B83}.Debug|x86.ActiveCfg = Debug|Win32
		{EC7592B6-F183-4A84-A7E4-EB798FA70B83}.Debug|x86.Build.0 = Debug|Win32
		{EC7592B6-F183-4A84-A7E4-EB798FA70B83}.Release|x64.ActiveCfg = Release|x64
		{EC7592B6-F183-4A84-A7E4-EB798FA70B83}.Release|x64.Build.0 = Release|x64
		{EC7592B6-F183-4A84-A7E4-EB798FA70B83}.Release|x86.ActiveCfg = Release|Win32
		{EC7592B6-F183-4A84-A7E4-EB798FA70B83}.Release|x86.Build.0 = Release|Win32
		{7AA11BFA-9B91-4BE9-9A0F-C69765D1FE24}.Debug|x64.ActiveCfg = Debug|x64
		{7AA11BFA-9B91-4BE9-9A0F-C69765D1FE24}.Debug|x64.Build.0 = Debug|x64
		{7AA11BFA-9B91-4BE9-9A0F-C69765D1FE24}.Debug|x86.ActiveCfg = Debug|Win32
		{7AA11BFA-9B91-4BE9-9A0F-C69765D1FE24}.Debug|x86.Build.0 = Debug|Win32
		{7AA11BFA-9B91-4BE9-9A0F-C69765D1FE24}.Release|x64.ActiveCfg = Release|x64
		{7AA11BFA-9B91-4BE9-9A0F-C69765D1FE24}.Release|x64.Build.0 = Release|x64
		{7AA11BFA-9B91-4BE9-9A0F-C69765D1FE24}.Release|x86.ActiveCfg = Release|Win32
		{7AA11BFA-9B91-4BE9-9A0F-C69765D1FE24}.Release|x86.Build.0 = Release|Win32
		{B74D76A6-3D4A-413A-BA03-6460907142D7}.Debug|x64.ActiveCfg = Debug|x64
		{B74D76A6-3D4A-413A-BA03-6460907142D7}.Debug|x64.Build.0 = Debug|x64
		{B74D76A6-3D4A-413A-BA03-6460907142D7}.Debug|x86.ActiveCfg = Debug|Win32
		{B74D76A6-3D4A-413A-BA03-6460907142D7}.Debug|x86.Build.0 = Debug|Win32
		{B74D76A6-3D4A-413A-BA03-6460907142D7}.Release|x64.ActiveCfg = Release|x64
		{B74D76A6-3D4A-413A-BA03-6460907142D7}.Release|x64.Build.0 = Release|x64
		{B74D76A6-3D4A-413A-BA03-6460907142D7}.Release|x86.ActiveCfg = Release|Win32
		{B74D76A6-3D4A-413A-BA03-6460907142D7}.Release|x86.Build.0 = Release|Win32
		{E1DE9EDF-C930-41B5-A044-3CF1485ED4F8}.Debug|x64.ActiveCfg = Debug|x64
		{E1DE9EDF-C930-41B5-A044-3CF1485ED4F8}.Debug|x64.Build.0 = Debug|x64
		{E1DE9EDF-C930-41B5-A044-3CF1485ED4F8}.Debug|x86.ActiveCfg = Debug|Win32
		{E1DE9EDF-C930-41B5-A044-3CF1485ED4F8}.Debug|x86.Build.0 = Debug|Win32
		{E1DE9EDF-C930-41B5-A044-3CF1485ED4F8}.Release|x64.ActiveCfg = Release|x64
		{E1DE9EDF-C930-41B5-A044-3CF1485ED4F8}.Release|x64.Build.0 = Release|x64
		{E1DE9EDF-C930-41B5-A044-3CF1485ED4F8}.Release|x86.ActiveCfg = Release|Win32
		{E1DE9EDF-C930-41B5-A044-3CF1485ED4F8}.Release|x86.Build.0 = Release|Win32
		{DBC2135A-88A1-4C5B-83C1-816607B99932}.Debug|x64.ActiveCfg = Debug|x64
		{DBC2135A-88A1-4C5B-83C1-816607B99932}.Debug|x64.Build.0 = Debug|x64
		{DBC2135A-88A1-4C5B-83C1-816607B99932}.Debug|x86.ActiveCfg = Debug|Win32
		{DBC2135A-88A1-4C5B-83C1-816607B99932}.Debug|x86.Build.0 = Debug|Win32
		{DBC2135A-88A1-4C5B-83C1-816607B99932}.Release|x64.ActiveCfg = Release|x64
		{DBC2135A-88A1-4C5B-83C1-816607B99932}.Release|x64.Build.0 = Release|x64
		{DBC2135A-88A1-4C5B-83C1-816607B99932}.Release|x86.ActiveCfg = Release|Win32
		{DBC2135A-88A1-4C5B-83C1-816607B99932}.Release|x86.Build.0 = Release|Win32
		{919F496D-24D1-449A-A515-37DBFCD99E57}.Debug|x64.ActiveCfg = Debug|x64
		{919F496D-24D1-449A-A515-37DBFCD99E57}.Debug|x64.Build.0 = Debug|x64
		{919F496D-24D1-449A-A515-37DBFCD99E57}.Debug|x86.ActiveCfg = Debug|Win32
		{919F496D-24D1-449A-A515-37DBFCD99E57}.Debug|x86.Build.0 = Debug|Win32
		{919F496D-24D1-449A-A515-37DBFCD99E57}.Release|x64.ActiveCfg = Release|x64
		{919F496D-24D1-449A-A515-37DBFCD99E57}.Release|x64.Build.0 = Release|x64
		{919F496D-24D1-449A-A515-37DBFCD99E57}.Release|x86.ActiveCfg = Release|Win32
		{919F496D-24D1-449A-A515-37DBFCD99E57}.Release|x86.Build.0 = Release|Win32
		{60795B68-7F98-428B-AB66-8DF38A38D5E5}.Debug|x64.ActiveCfg = Debug|x64
		{60795B68-7F98-428B-AB66-8DF38A38D5E5}.Debug|x64.Build.0 = Debug|x64
		{60795B68-7F98-428B-AB66-8DF38A38D5E5}.Debug|x86.ActiveCfg = Debug|Win32
		{60795B68-7F98-428B-AB66-8DF38A38D5E5}.Debug|x86.Build.0 = Debug|Win32
		{60795B68-7F98-428B-AB66-8DF38A38D5E5}.Release|x64.ActiveCfg = Release|x64
		{60795B68-7F98-428B-AB66-8DF38A38D5E5}.Release|x64.Build.0 = Release|x64
		{60795B68-7F98-428B-AB66-8DF38A38D5E5}.Release|x86.ActiveCfg = Release|Win32
		{60795B68-7F98-428B-AB66-8DF38A38D5E5}.Release|x86.Build.0 = Release|Win32
		{D54E14EF-68C9-482D-92BD-F762EA8AABE8}.Debug|x64.ActiveCfg = Debug|x64
		{D54E14EF-68C9-482D-92BD-F762EA8AABE8}.Debug|x64.Build.0 = Debug|x64
		{D54E14EF-68C9-482D-92BD-F762EA8AABE8}.Debug|x86.ActiveCfg = Debug|Win32
		{D54E14EF-68C9-482D-92BD-F762EA8AABE8}.Debug|x86.Build.0 = Debug|Win32
		{D54E14EF-68C9-482D-92BD-F762EA8AABE8}.Release|x64.ActiveCfg = Release|x64
		{D54E14EF-68C9-482D-92BD-F762EA8AABE8}.Release|x64.Build.0 = Release|x64
		{D54E14EF-68C9-482D-92BD-F762EA8AABE8}.Release|x86.ActiveCfg = Release|Win32
		{D54E14EF-68C9-482D-92BD-F762EA8AABE8}.Release|x86.Build.0 = Release|Win32
		{4D15556B-4D43-4873-B203-7EF299F47A13}.Debug|x64.ActiveCfg = Debug|x64
		{4D15556B-4D43-4873-B203-7EF299F47A13}.Debug|x64.Build.0 = Debug|x64
		{4D15556B-4D43-4873-B203-7EF299F47A13}.Debug|x86.ActiveCfg = Debug|Win32
		{4D15556B-4D43-4873-B203-7EF299F47A13}.Debug|x86.Build.0 = Debug|Win32
		{4D15556B-4D43-4873-B203-7EF299F47A13}.Release|x64.ActiveCfg = Release|x64
		{4D15556B-4D43-4873-B203-7EF299F47A13}.Release|x64.Build.0 = Release|x64
		{4D15556B-4D43-4873-B203-7EF299F47A13}.Release|x86.ActiveCfg = Release|Win32
		{4D15556B-4D43-4873-B203-7EF299F47A13}.Release|x86.Build.0 = Release|Win32
		{56F982CE-A2C2-4AD9-9A41-5A6CA0A6129C}.Debug|x64.ActiveCfg = Debug|x64
		{56F982CE-A2C2-4AD9-9A41-5A6CA0A6129C}.Debug|x64.Build.0 = Debug|x64
		{56F982CE-A2C2-4AD9-9A41-5A6CA0A6129C}.Debug|x86.ActiveCfg = Debug|Win32
		{56F982CE-A2C2-4AD9-9A41-5A6CA0A6129C}.Debug|x86.Build.0 = Debug|Win32
		{56F982CE-A2C2-4AD9-9A41-5A6CA0A6129C}.Release|x64.ActiveCfg = Release|x64
		{56F982CE-A2C2-4AD9-9A41-5A6CA0A6129C}.Release|x64.Build.0 = Release|x64
		{56F982CE-A2C2-4AD9-9A41-5A6CA0A6129C}.Release|x86.ActiveCfg = Release|Win32
		{56F982CE-A2C2-4AD9-9A41-5A6CA0A6129C}.Release|x86.Build.0 = Release|Win32
		{A11EA35E-B887-484F-A6C1-778D9EFB6FAC}.Debug|x64.ActiveCfg = Debug|x64
		{A11EA35E-B887-484F-A6C1-778D9EFB6FAC}.Debug|x64.Build.0 = Debug|x64
		{A11EA35E-B887-484F-A6C1-778D9EFB6FAC}.Debug|x86.ActiveCfg = Debug|Win32
		{A11EA35E-B887-484F-A6C1-778D9EFB6FAC}.Debug|x86.Build.0 = Debug|Win32
		{A11EA35E-B887-484F-A6C1-778D9EFB6FAC}.Release|x64.ActiveCfg = Release|x64
		{A11EA35E-B887-484F-A6C1-778D9EFB6FAC}.Release|x64.Build.0 = Release|x64
		{A11EA35E-B887-484F-A6C1-778D9EFB6FAC}.Release|x86.ActiveCfg = Release|Win32
		{A11EA35E-B887-484F-A6C1-778D9EFB6FAC}.Release|x86.Build.0 = Release|Win32
		{37C904FF-45C4-48E5-B487-33A2FC3D3AC1}.Debug|x64.ActiveCfg = Debug|x64
		{37C904FF-45C4-48E5-B487-33A2FC3D3AC1}.Debug|x64.Build.0 = Debug|x64
		{37C904FF-45C4-48E5-B487-33A2FC3D3AC1}.Debug|x86.ActiveCfg = Debug|Win32
		{37C904FF-45C4-48E5-B487-33A2FC3D3AC1}.Debug|x86.Build.0 = Debug|Win32
		{37C904FF-45C4-48E5-B487-33A2FC3D3AC1}.Release|x64.ActiveCfg = Release|x64
		{37C904FF-45C4-48E5-B487-33A2FC3D3AC1}.Release|x64.Build.0 = Release|x64
		{37C904FF-45C4-48E5-B487-33A2FC3D3AC1}.Release|x86.ActiveCfg = Release|Win32
		{37C904FF-45C4-48E5-B487-33A2FC3D3AC1}.Release|x86.Build.0 = Release|Win32
		{1F696B4D-9D36-41A9-8F31-EE07CD9BB552}.Debug|x64.ActiveCfg = Debug|x64
		{1F696B4D-9D36-41A9-8F31-EE07CD9BB552}.Debug|x64.Build.0 = Debug|x64
		{1F696B4D-9D36-41A9-8F31-EE07CD9BB552}.Debug|x86.ActiveCfg = Debug|Win32
		{1F696B4D-9D36-41A9-8F31-EE07CD9BB552}.Debug|x86.Build.0 = Debug|Win32
		{1F696B4D-9D36-41A9-8F31-EE07CD9BB552}.Release|x64.ActiveCfg = Release|x64
		{1F696B4D-9D36-41A9-8F31-EE07CD9BB552}.Release|x64.Build.0 = Release|x64
		{1F696B4D-9D36-41A9-8F31-EE07CD9BB552}.Release|x86.ActiveCfg = Release|Win32
		{1F696B4D-9D36-41A9-8F31-EE07CD9BB552}.Release|x86.Build.0 = Release|Win32
		{50602A7F-3FD0-480B-884A-737E0AA740E6}.Debug|x64.ActiveCfg = Debug|x64
		{50602A7F-3FD0-480B-884A-737E0AA740E6}.Debug|x64.Build.0 = Debug|x64
		{50602A7F-3FD0-480B-884A-737E0AA740E6}.Debug|x86.ActiveCfg = Debug|Win32
		{50602A7F-3FD0-480B-884A-737E0AA740E6}.Debug|x86.Build.0 = Debug|Win32
		{50602A7F-3FD0-480B-884A-737E0AA740E6}.Release|x64.ActiveCfg = Release|x64
		{50602A7F-3FD0-480B-884A-737E0AA740E6}.Release|x64.Build.0 = Release|x64
		{50602A7F-3FD0-480B-884A-737E0AA740E6}.Release|x86.ActiveCfg = Release|Win32
		{50602A7F-3FD0-480B-884A-737E0AA740E6}.Release|x86.Build.0 = Release|Win32
		{C11816F5-2DD6-483B-B180-ED77CBEA88E9}.Debug|x64.ActiveCfg = Debug|x64
		{C11816F5-2DD6-483B-B180-ED77CBEA88E9}.Debug|x64.Build.0 = Debug|x64
		{C11816F5-2DD6-483B-B180-ED77CBEA88E9}.Debug|x86.ActiveCfg = Debug|Win32
		{C11816F5-2DD6-483B-B180-ED77CBEA88E9}.Debug|x86.Build.0 = Debug|Win32
		{C11816F5-2DD6-483B-B180-ED77CBEA88E9}.Release|x64.ActiveCfg = Release|x64
		{C11816F5-2DD6-483B-B180-ED77CBEA88E9}.Release|x64.Build.0 = Release|x64
		{C11816F5-2DD6-483B-B180-ED77CBEA88E9}.Release|x86.ActiveCfg = Release|Win32
		{C11816F5-2DD6-483B-B180-ED77CBEA88E9}.Release|x86.Build.0 = Release|Win32
		{70F78488-7B98-4DE6-A89A-58018436366E}.Debug|x64.ActiveCfg = Debug|x64
		{70F78488-7B98-4DE6-A89A-58018436366E}.Debug|x64.Build.0 = Debug|x64
		{70F78488-7B98-4DE6-A89A-58018436366E}.Debug|x86.ActiveCfg = Debug|Win32
		{70F78488-7B98-4DE6-A89A-58018436366E}.Debug|x86.Build.0 = Debug|Win32
		{70F78488-7B98-4DE6-A89A-58018436366E}.Release|x64.ActiveCfg = Release|x64
		{70F78488-7B98-4DE6-A89A-58018436366E}.Release|x64.Build.0 = Release|x64
		{70F78488-7B98-4DE6-A89A-58018436366E}.Release|x86.ActiveCfg = Release|Win32
		{70F78488-7B98-4DE6-A89A-58018436366E}.Release|x86.Build.0 = Release|Win32
		{3F7447E9-3A61-4866-B807-1FB4298EE57F}.Debug|x64.ActiveCfg = Debug|x64
		{3F7447E9-3A61-4866-B807-1FB4298EE57F}.Debug|x64.Build.0 = Debug|x64
		{3F7447E9-3A61-4866-B807-1FB4298EE57F}.Debug|x86.ActiveCfg = Debug|Win32
		{3F7447E9-3A61-4866-B807-1FB4298EE57F}.Debug|x86.Build.0 = Debug|Win32
		{3F7447E9-3A61-4866-B807-1FB4298EE57F}.Release|x64.ActiveCfg = Release|x64
		{3F7447E9-3A61-4866-B807-1FB4298EE57F}.Release|x64.Build.0 = Release|x64
		{3F7447E9-3A61-4866-B807-1FB4298EE57F}.Release|x86.ActiveCfg = Release|Win32
		{3F7447E9-3A61-4866-B807-1FB4298EE57F}.Release|x86.Build.0 = Release|Win32
		{56A80A74-99C6-484A-A538-9454AD0F198E}.Debug|x64.ActiveCfg = Debug|x64
		{56A80A74-99C6-484A-A538-9454AD0F198E}.Debug|x64.Build.0 = Debug|x64
		{56A80A74-99C6-484A-A538-9454AD0F198E}.Debug|x86.ActiveCfg = Debug|Win32
		{56A80A74-99C6-484A-A538-9454AD0F198E}.Debug|x86.Build.0 = Debug|Win32
		{56A80A74-99C6-484A-A538-9454AD0F198E}.Release|x64.ActiveCfg = Release|x64
		{56A80A74-99C6-484A-A538-9454AD0F198E}.Release|x64.Build.0 = Release|x64
		{56A80A74-99C6-484A-A538-9454AD0F198E}.Release|x86.ActiveCfg = Release|Win32
		{56A80A74-99C6-484A-A538-9454AD0F198E}.Release|x86.Build.0 = Release|Win32
		{BE737493-B94D-4F12-98D6-A93DB0282FFA}.Debug|x64.ActiveCfg = Debug|x64
		{BE737493-B94D-4F12-98D6-A93DB0282FFA}.Debug|x64.Build.0 = Debug|x64
		{BE737493-B94D-4F12-98D6-A93DB0282FFA}.Debug|x86.ActiveCfg = Debug|Win32
		{BE737493-B94D-4F12-98D6-A93DB0282FFA}.Debug|x86.Build.0 = Debug|Win32
		{BE737493-B94D-4F12-98D6-A93DB0282FFA}.Release|x64.ActiveCfg = Release|x64
		{BE737493-B94D-4F12-98D6-A93DB0282FFA}.Release|x64.Build.0 = Release|x64
		{BE737493-B94D-4F12-98D6-A93DB0282FFA}.Release|x86.ActiveCfg = Release|Win32
		{BE737493-B94D-4F12-98D6-A93DB0282FFA}.Release|x86.Build.0 = Release|Win32
		{A128925B-9280-404A-9C5F-BEC1D8E51CED}.Debug|x64.ActiveCfg = Debug|x64
		{A128925B-9280-404A-9C5F-BEC1D8E51CED}.Debug|x64.Build.0 = Debug|x64
		{A128925B-9280-404A-9C5F-BEC1D8E51CED}.Debug|x86.ActiveCfg = Debug|Win32
		{A128925B-9280-404A-9C5F-BEC1D8E51CED}.Debug|x86.Build.0 = Debug|Win32
		{A128925B-9280-404A-9C5F-BEC1D8E51CED}.Release|x64.ActiveCfg = Release|x64
		{A128925B-9280-404A-9C5F-BEC1D8E51CED}.Release|x64.Build.0 = Release|x64
		{A128925B-9280-404A-9C5F-BEC1D8E51CED}.Release|x86.ActiveCfg = Release|Win32
		{A128925B-9280-404A-9C5F-BEC1D8E51CED}.Release|x86.Build.0 = Release|Win32
	EndGlobalSection
	GlobalSection(SolutionProperties) = preSolution
		HideSolutionNode = FALSE
	EndGlobalSection
	GlobalSection(NestedProjects) = preSolution
		{7AA11BFA-9B91-4BE9-9A0F-C69765D1FE24} = {C1C40115-A345-48DF-A6E1-7E4AA2A6AB6C}
		{B74D76A6-3D4A-413A-BA03-6460907142D7} = {C1C40115-A345-48DF-A6E1-7E4AA2A6AB6C}
		{E1DE9EDF-C930-41B5-A044-3CF1485ED4F8} = {C1C40115-A345-48DF-A6E1-7E4AA2A6AB6C}
		{DBC2135A-88A1-4C5B-83C1-816607B99932} = {C1C40115-A345-48DF-A6E1-7E4AA2A6AB6C}
		{919F496D-24D1-449A-A515-37DBFCD99E57} = {A8B321C6-4D33-4E5A-910D-224D8C2736CD}
		{60795B68-7F98-428B-AB66-8DF38A38D5E5} = {A8B321C6-4D33-4E5A-910D-224D8C2736CD}
		{79148041-F91C-4305-937A-FD7349DDB0D0} = {A8B321C6-4D33-4E5A-910D-224D8C2736CD}
		{D54E14EF-68C9-482D-92BD-F762EA8AABE8} = {79148041-F91C-4305-937A-FD7349DDB0D0}
		{4D15556B-4D43-4873-B203-7EF299F47A13} = {79148041-F91C-4305-937A-FD7349DDB0D0}
		{56F982CE-A2C2-4AD9-9A41-5A6CA0A6129C} = {79148041-F91C-4305-937A-FD7349DDB0D0}
		{A11EA35E-B887-484F-A6C1-778D9EFB6FAC} = {79148041-F91C-4305-937A-FD7349DDB0D0}
		{37C904FF-45C4-48E5-B487-33A2FC3D3AC1} = {4928438A-CF32-4B14-ABBA-218A549F9CEA}
		{1F696B4D-9D36-41A9-8F31-EE07CD9BB552} = {4AE43309-F183-4F3D-9BCD-2A437DC83157}
		{50602A7F-3FD0-480B-884A-737E0AA740E6} = {EFE47E45-500B-484C-83CC-1E7138C976CC}
		{C11816F5-2DD6-483B-B180-ED77CBEA88E9} = {4AE43309-F183-4F3D-9BCD-2A437DC83157}
		{70F78488-7B98-4DE6-A89A-58018436366E} = {4AE43309-F183-4F3D-9BCD-2A437DC83157}
		{3F7447E9-3A61-4866-B807-1FB4298EE57F} = {4AE43309-F183-4F3D-9BCD-2A437DC83157}
		{56A80A74-99C6-484A-A538-9454AD0F198E} = {4AE43309-F183-4F3D-9BCD-2A437DC83157}
		{BE737493-B94D-4F12-98D6-A93DB0282FFA} = {4AE43309-F183-4F3D-9BCD-2A437DC83157}
		{A128925B-9280-404A-9C5F-BEC1D8E51CED} = {4AE43309-F183-4F3D-9BCD-2A437DC83157}
	EndGlobalSection
	GlobalSection(ExtensibilityGlobals) = postSolution
		SolutionGuid = {85D1FB6D-119C-489C-9F85-D31BB8FE354A}
	EndGlobalSection
EndGlobal
