
Microsoft Visual Studio Solution File, Format Version 12.00
# Visual Studio Version 16
VisualStudioVersion = 16.0.29009.5
MinimumVisualStudioVersion = 10.0.40219.1
Project("{8BC9CEB8-8B4A-11D0-8D11-00A0C91BC942}") = "Algorithms(构造函数memset(this))", "Algorithms\Algorithms.vcxproj", "{EC7592B6-F183-4A84-A7E4-EB798FA70B83}"
EndProject
Project("{2150E333-8FDC-42A3-9474-1A3956D46DE8}") = "LeetCodeNotes", "LeetCodeNotes", "{C1C40115-A345-48DF-A6E1-7E4AA2A6AB6C}"
EndProject
Project("{8BC9CEB8-8B4A-11D0-8D11-00A0C91BC942}") = "LeetCode0002(两数相加)", "LeetCode0002\LeetCode0002.vcxproj", "{7AA11BFA-9B91-4BE9-9A0F-C69765D1FE24}"
EndProject
Project("{8BC9CEB8-8B4A-11D0-8D11-00A0C91BC942}") = "LeetCode0003(无重复字符的最长子串)", "LeetCode0003\LeetCode0003.vcxproj", "{B74D76A6-3D4A-413A-BA03-6460907142D7}"
EndProject
Project("{8BC9CEB8-8B4A-11D0-8D11-00A0C91BC942}") = "LeetCode0004(寻找两个有序数组的中位数)", "LeetCode0004\LeetCode0004.vcxproj", "{E1DE9EDF-C930-41B5-A044-3CF1485ED4F8}"
EndProject
Project("{8BC9CEB8-8B4A-11D0-8D11-00A0C91BC942}") = "LeetCode0005(最长回文子串)", "LeetCode0005\LeetCode0005.vcxproj", "{DBC2135A-88A1-4C5B-83C1-816607B99932}"
EndProject
Project("{2150E333-8FDC-42A3-9474-1A3956D46DE8}") = "Sorts", "Sorts", "{A8B321C6-4D33-4E5A-910D-224D8C2736CD}"
EndProject
Project("{8BC9CEB8-8B4A-11D0-8D11-00A0C91BC942}") = "InsertSort(直接插入排序+希尔排序)", "InsertSort\InsertSort.vcxproj", "{919F496D-24D1-449A-A515-37DBFCD99E57}"
EndProject
Project("{8BC9CEB8-8B4A-11D0-8D11-00A0C91BC942}") = "SwapSort(冒泡排序+快速排序)", "SwapSort\SwapSort.vcxproj", "{60795B68-7F98-428B-AB66-8DF38A38D5E5}"
EndProject
Project("{2150E333-8FDC-42A3-9474-1A3956D46DE8}") = "TestApplication", "TestApplication", "{79148041-F91C-4305-937A-FD7349DDB0D0}"
EndProject
Project("{8BC9CEB8-8B4A-11D0-8D11-00A0C91BC942}") = "TestApp001(分离大写字母和小写字母)", "TestApp001\TestApp001.vcxproj", "{D54E14EF-68C9-482D-92BD-F762EA8AABE8}"
EndProject
Project("{8BC9CEB8-8B4A-11D0-8D11-00A0C91BC942}") = "TestApp002", "TestApp002\TestApp002.vcxproj", "{4D15556B-4D43-4873-B203-7EF299F47A13}"
EndProject
Global
	GlobalSection(SolutionConfigurationPlatforms) = preSolution
		Debug|x64 = Debug|x64
		Debug|x86 = Debug|x86
		Release|x64 = Release|x64
		Release|x86 = Release|x86
	EndGlobalSection
	GlobalSection(ProjectConfigurationPlatforms) = postSolution
		{EC7592B6-F183-4A84-A7E4-EB798FA70B83}.Debug|x64.ActiveCfg = Debug|x64
		{EC7592B6-F183-4A84-A7E4-EB798FA70B83}.Debug|x64.Build.0 = Debug|x64
		{EC7592B6-F183-4A84-A7E4-EB798FA70B83}.Debug|x86.ActiveCfg = Debug|Win32
		{EC7592B6-F183-4A84-A7E4-EB798FA70B83}.Debug|x86.Build.0 = Debug|Win32
		{EC7592B6-F183-4A84-A7E4-EB798FA70B83}.Release|x64.ActiveCfg = Release|x64
		{EC7592B6-F183-4A84-A7E4-EB798FA70B83}.Release|x64.Build.0 = Release|x64
		{EC7592B6-F183-4A84-A7E4-EB798FA70B83}.Release|x86.ActiveCfg = Release|Win32
		{EC7592B6-F183-4A84-A7E4-EB798FA70B83}.Release|x86.Build.0 = Release|Win32
		{7AA11BFA-9B91-4BE9-9A0F-C69765D1FE24}.Debug|x64.ActiveCfg = Debug|x64
		{7AA11BFA-9B91-4BE9-9A0F-C69765D1FE24}.Debug|x64.Build.0 = Debug|x64
		{7AA11BFA-9B91-4BE9-9A0F-C69765D1FE24}.Debug|x86.ActiveCfg = Debug|Win32
		{7AA11BFA-9B91-4BE9-9A0F-C69765D1FE24}.Debug|x86.Build.0 = Debug|Win32
		{7AA11BFA-9B91-4BE9-9A0F-C69765D1FE24}.Release|x64.ActiveCfg = Release|x64
		{7AA11BFA-9B91-4BE9-9A0F-C69765D1FE24}.Release|x64.Build.0 = Release|x64
		{7AA11BFA-9B91-4BE9-9A0F-C69765D1FE24}.Release|x86.ActiveCfg = Release|Win32
		{7AA11BFA-9B91-4BE9-9A0F-C69765D1FE24}.Release|x86.Build.0 = Release|Win32
		{B74D76A6-3D4A-413A-BA03-6460907142D7}.Debug|x64.ActiveCfg = Debug|x64
		{B74D76A6-3D4A-413A-BA03-6460907142D7}.Debug|x64.Build.0 = Debug|x64
		{B74D76A6-3D4A-413A-BA03-6460907142D7}.Debug|x86.ActiveCfg = Debug|Win32
		{B74D76A6-3D4A-413A-BA03-6460907142D7}.Debug|x86.Build.0 = Debug|Win32
		{B74D76A6-3D4A-413A-BA03-6460907142D7}.Release|x64.ActiveCfg = Release|x64
		{B74D76A6-3D4A-413A-BA03-6460907142D7}.Release|x64.Build.0 = Release|x64
		{B74D76A6-3D4A-413A-BA03-6460907142D7}.Release|x86.ActiveCfg = Release|Win32
		{B74D76A6-3D4A-413A-BA03-6460907142D7}.Release|x86.Build.0 = Release|Win32
		{E1DE9EDF-C930-41B5-A044-3CF1485ED4F8}.Debug|x64.ActiveCfg = Debug|x64
		{E1DE9EDF-C930-41B5-A044-3CF1485ED4F8}.Debug|x64.Build.0 = Debug|x64
		{E1DE9EDF-C930-41B5-A044-3CF1485ED4F8}.Debug|x86.ActiveCfg = Debug|Win32
		{E1DE9EDF-C930-41B5-A044-3CF1485ED4F8}.Debug|x86.Build.0 = Debug|Win32
		{E1DE9EDF-C930-41B5-A044-3CF1485ED4F8}.Release|x64.ActiveCfg = Release|x64
		{E1DE9EDF-C930-41B5-A044-3CF1485ED4F8}.Release|x64.Build.0 = Release|x64
		{E1DE9EDF-C930-41B5-A044-3CF1485ED4F8}.Release|x86.ActiveCfg = Release|Win32
		{E1DE9EDF-C930-41B5-A044-3CF1485ED4F8}.Release|x86.Build.0 = Release|Win32
		{DBC2135A-88A1-4C5B-83C1-816607B99932}.Debug|x64.ActiveCfg = Debug|x64
		{DBC2135A-88A1-4C5B-83C1-816607B99932}.Debug|x64.Build.0 = Debug|x64
		{DBC2135A-88A1-4C5B-83C1-816607B99932}.Debug|x86.ActiveCfg = Debug|Win32
		{DBC2135A-88A1-4C5B-83C1-816607B99932}.Debug|x86.Build.0 = Debug|Win32
		{DBC2135A-88A1-4C5B-83C1-816607B99932}.Release|x64.ActiveCfg = Release|x64
		{DBC2135A-88A1-4C5B-83C1-816607B99932}.Release|x64.Build.0 = Release|x64
		{DBC2135A-88A1-4C5B-83C1-816607B99932}.Release|x86.ActiveCfg = Release|Win32
		{DBC2135A-88A1-4C5B-83C1-816607B99932}.Release|x86.Build.0 = Release|Win32
		{919F496D-24D1-449A-A515-37DBFCD99E57}.Debug|x64.ActiveCfg = Debug|x64
		{919F496D-24D1-449A-A515-37DBFCD99E57}.Debug|x64.Build.0 = Debug|x64
		{919F496D-24D1-449A-A515-37DBFCD99E57}.Debug|x86.ActiveCfg = Debug|Win32
		{919F496D-24D1-449A-A515-37DBFCD99E57}.Debug|x86.Build.0 = Debug|Win32
		{919F496D-24D1-449A-A515-37DBFCD99E57}.Release|x64.ActiveCfg = Release|x64
		{919F496D-24D1-449A-A515-37DBFCD99E57}.Release|x64.Build.0 = Release|x64
		{919F496D-24D1-449A-A515-37DBFCD99E57}.Release|x86.ActiveCfg = Release|Win32
		{919F496D-24D1-449A-A515-37DBFCD99E57}.Release|x86.Build.0 = Release|Win32
		{60795B68-7F98-428B-AB66-8DF38A38D5E5}.Debug|x64.ActiveCfg = Debug|x64
		{60795B68-7F98-428B-AB66-8DF38A38D5E5}.Debug|x64.Build.0 = Debug|x64
		{60795B68-7F98-428B-AB66-8DF38A38D5E5}.Debug|x86.ActiveCfg = Debug|Win32
		{60795B68-7F98-428B-AB66-8DF38A38D5E5}.Debug|x86.Build.0 = Debug|Win32
		{60795B68-7F98-428B-AB66-8DF38A38D5E5}.Release|x64.ActiveCfg = Release|x64
		{60795B68-7F98-428B-AB66-8DF38A38D5E5}.Release|x64.Build.0 = Release|x64
		{60795B68-7F98-428B-AB66-8DF38A38D5E5}.Release|x86.ActiveCfg = Release|Win32
		{60795B68-7F98-428B-AB66-8DF38A38D5E5}.Release|x86.Build.0 = Release|Win32
		{D54E14EF-68C9-482D-92BD-F762EA8AABE8}.Debug|x64.ActiveCfg = Debug|x64
		{D54E14EF-68C9-482D-92BD-F762EA8AABE8}.Debug|x64.Build.0 = Debug|x64
		{D54E14EF-68C9-482D-92BD-F762EA8AABE8}.Debug|x86.ActiveCfg = Debug|Win32
		{D54E14EF-68C9-482D-92BD-F762EA8AABE8}.Debug|x86.Build.0 = Debug|Win32
		{D54E14EF-68C9-482D-92BD-F762EA8AABE8}.Release|x64.ActiveCfg = Release|x64
		{D54E14EF-68C9-482D-92BD-F762EA8AABE8}.Release|x64.Build.0 = Release|x64
		{D54E14EF-68C9-482D-92BD-F762EA8AABE8}.Release|x86.ActiveCfg = Release|Win32
		{D54E14EF-68C9-482D-92BD-F762EA8AABE8}.Release|x86.Build.0 = Release|Win32
		{4D15556B-4D43-4873-B203-7EF299F47A13}.Debug|x64.ActiveCfg = Debug|x64
		{4D15556B-4D43-4873-B203-7EF299F47A13}.Debug|x64.Build.0 = Debug|x64
		{4D15556B-4D43-4873-B203-7EF299F47A13}.Debug|x86.ActiveCfg = Debug|Win32
		{4D15556B-4D43-4873-B203-7EF299F47A13}.Debug|x86.Build.0 = Debug|Win32
		{4D15556B-4D43-4873-B203-7EF299F47A13}.Release|x64.ActiveCfg = Release|x64
		{4D15556B-4D43-4873-B203-7EF299F47A13}.Release|x64.Build.0 = Release|x64
		{4D15556B-4D43-4873-B203-7EF299F47A13}.Release|x86.ActiveCfg = Release|Win32
		{4D15556B-4D43-4873-B203-7EF299F47A13}.Release|x86.Build.0 = Release|Win32
	EndGlobalSection
	GlobalSection(SolutionProperties) = preSolution
		HideSolutionNode = FALSE
	EndGlobalSection
	GlobalSection(NestedProjects) = preSolution
		{7AA11BFA-9B91-4BE9-9A0F-C69765D1FE24} = {C1C40115-A345-48DF-A6E1-7E4AA2A6AB6C}
		{B74D76A6-3D4A-413A-BA03-6460907142D7} = {C1C40115-A345-48DF-A6E1-7E4AA2A6AB6C}
		{E1DE9EDF-C930-41B5-A044-3CF1485ED4F8} = {C1C40115-A345-48DF-A6E1-7E4AA2A6AB6C}
		{DBC2135A-88A1-4C5B-83C1-816607B99932} = {C1C40115-A345-48DF-A6E1-7E4AA2A6AB6C}
		{919F496D-24D1-449A-A515-37DBFCD99E57} = {A8B321C6-4D33-4E5A-910D-224D8C2736CD}
		{60795B68-7F98-428B-AB66-8DF38A38D5E5} = {A8B321C6-4D33-4E5A-910D-224D8C2736CD}
		{79148041-F91C-4305-937A-FD7349DDB0D0} = {A8B321C6-4D33-4E5A-910D-224D8C2736CD}
		{D54E14EF-68C9-482D-92BD-F762EA8AABE8} = {79148041-F91C-4305-937A-FD7349DDB0D0}
		{4D15556B-4D43-4873-B203-7EF299F47A13} = {79148041-F91C-4305-937A-FD7349DDB0D0}
	EndGlobalSection
	GlobalSection(ExtensibilityGlobals) = postSolution
		SolutionGuid = {85D1FB6D-119C-489C-9F85-D31BB8FE354A}
	EndGlobalSection
EndGlobal
